
Microsoft Visual Studio Solution File, Format Version 11.00
# Visual Studio 2010
Project("{FAE04EC0-301F-11D3-BF4B-00C04F79EFBC}") = "CompOversizedWeapon", "CompOversizedWeapon\CompOversizedWeapon.csproj", "{1F22F000-C2A6-4463-95AD-DB9D20FDA17B}"
EndProject
Project("{FAE04EC0-301F-11D3-BF4B-00C04F79EFBC}") = "Gimmicks", "Gimmicks\Gimmicks.csproj", "{1F22F000-C2A6-4463-95AD-DB9D20FDA17C}"
EndProject
Global
	GlobalSection(SolutionConfigurationPlatforms) = preSolution
		Debug|Any CPU = Debug|Any CPU
		Release|Any CPU = Release|Any CPU
	EndGlobalSection
	GlobalSection(ProjectConfigurationPlatforms) = postSolution
		{1F22F000-C2A6-4463-95AD-DB9D20FDA17B}.Debug|Any CPU.ActiveCfg = Debug|Any CPU
		{1F22F000-C2A6-4463-95AD-DB9D20FDA17B}.Debug|Any CPU.Build.0 = Debug|Any CPU
		{1F22F000-C2A6-4463-95AD-DB9D20FDA17B}.Release|Any CPU.ActiveCfg = Release|Any CPU
		{1F22F000-C2A6-4463-95AD-DB9D20FDA17B}.Release|Any CPU.Build.0 = Release|Any CPU
		{1F22F000-C2A6-4463-95AD-DB9D20FDA17C}.Debug|Any CPU.ActiveCfg = Debug|Any CPU
		{1F22F000-C2A6-4463-95AD-DB9D20FDA17C}.Debug|Any CPU.Build.0 = Debug|Any CPU
		{1F22F000-C2A6-4463-95AD-DB9D20FDA17C}.Release|Any CPU.ActiveCfg = Release|Any CPU
		{1F22F000-C2A6-4463-95AD-DB9D20FDA17C}.Release|Any CPU.Build.0 = Release|Any CPU
	EndGlobalSection
	GlobalSection(SolutionProperties) = preSolution
		HideSolutionNode = FALSE
	EndGlobalSection
EndGlobal
